
Microsoft Visual Studio Solution File, Format Version 12.00
# Visual Studio Version 17
VisualStudioVersion = 17.3.32901.215
MinimumVisualStudioVersion = 10.0.40219.1
Project("{FAE04EC0-301F-11D3-BF4B-00C04F79EFBC}") = "Atm", "Atm\Atm.csproj", "{C8FDDA89-0FA8-415D-A7BC-88A80E464917}"
EndProject
Global
	GlobalSection(SolutionConfigurationPlatforms) = preSolution
		Debug|Any CPU = Debug|Any CPU
		Release|Any CPU = Release|Any CPU
	EndGlobalSection
	GlobalSection(ProjectConfigurationPlatforms) = postSolution
		{C8FDDA89-0FA8-415D-A7BC-88A80E464917}.Debug|Any CPU.ActiveCfg = Debug|Any CPU
		{C8FDDA89-0FA8-415D-A7BC-88A80E464917}.Debug|Any CPU.Build.0 = Debug|Any CPU
		{C8FDDA89-0FA8-415D-A7BC-88A80E464917}.Release|Any CPU.ActiveCfg = Release|Any CPU
		{C8FDDA89-0FA8-415D-A7BC-88A80E464917}.Release|Any CPU.Build.0 = Release|Any CPU
	EndGlobalSection
	GlobalSection(SolutionProperties) = preSolution
		HideSolutionNode = FALSE
	EndGlobalSection
	GlobalSection(ExtensibilityGlobals) = postSolution
		SolutionGuid = {126FC419-C631-4552-87A4-2C6F23F4282A}
	EndGlobalSection
EndGlobal
